
Microsoft Visual Studio Solution File, Format Version 12.00
Project("{FAE04EC0-301F-11D3-BF4B-00C04F79EFBC}") = "InMemory", "InMemory\InMemory.csproj", "{B38D5CF2-69DC-46A2-89C1-1E249EE072E7}"
EndProject
Project("{FAE04EC0-301F-11D3-BF4B-00C04F79EFBC}") = "RabbitMQ", "RabbitMQ\RabbitMQ.csproj", "{BD87F746-74AD-4496-A0FD-57799052750F}"
EndProject
Project("{FAE04EC0-301F-11D3-BF4B-00C04F79EFBC}") = "TrainingContract", "TrainingContract\TrainingContract.csproj", "{9A9A70A9-2B9B-4D20-8EA1-DC04430F379D}"
EndProject
Project("{FAE04EC0-301F-11D3-BF4B-00C04F79EFBC}") = "UnitTest", "UnitTest\UnitTest.csproj", "{97CC6D1C-724E-4EDB-B7E0-DCC8A3A07036}"
EndProject
Project("{FAE04EC0-301F-11D3-BF4B-00C04F79EFBC}") = "ConsolePublisher", "ConsolePublisher\ConsolePublisher.csproj", "{11E03CDB-FB0B-4410-BB24-62CBA207A145}"
EndProject
Project("{FAE04EC0-301F-11D3-BF4B-00C04F79EFBC}") = "MediatorWebApp", "MediatorWebApp\MediatorWebApp.csproj", "{220D4DC5-AD76-4786-A48A-099370A1BB0D}"
EndProject
Project("{FAE04EC0-301F-11D3-BF4B-00C04F79EFBC}") = "ScheduleMessage.Producer", "ScheduleMessage.Producer\ScheduleMessage.Producer.csproj", "{47CCB299-8C21-4178-8E44-91E07037F2B9}"
EndProject
Project("{FAE04EC0-301F-11D3-BF4B-00C04F79EFBC}") = "ScheduleMessage.Consumer", "ScheduleMessage.Consumer\ScheduleMessage.Consumer.csproj", "{CD5AE791-5FA3-46D7-A1DC-1630D65368C5}"
EndProject
Project("{FAE04EC0-301F-11D3-BF4B-00C04F79EFBC}") = "ScheduleMessage.QuartzService", "ScheduleMessage.QuartzService\ScheduleMessage.QuartzService.csproj", "{FA833311-F0A2-495D-B4BC-14DFC518958C}"
EndProject
Project("{2150E333-8FDC-42A3-9474-1A3956D46DE8}") = "Schedule", "Schedule", "{9CB5888C-D6F3-48AC-BD9C-A346FE280EDD}"
EndProject
Project("{FAE04EC0-301F-11D3-BF4B-00C04F79EFBC}") = "Outbox", "Outbox\Outbox.csproj", "{21FD1C3F-96EA-468C-8503-57F77527FFAF}"
EndProject
Project("{FAE04EC0-301F-11D3-BF4B-00C04F79EFBC}") = "Saga", "Saga\Saga.csproj", "{326D5E2D-0FBF-42B2-A048-F91A769CE05C}"
EndProject
Global
	GlobalSection(SolutionConfigurationPlatforms) = preSolution
		Debug|Any CPU = Debug|Any CPU
		Release|Any CPU = Release|Any CPU
	EndGlobalSection
	GlobalSection(ProjectConfigurationPlatforms) = postSolution
		{B38D5CF2-69DC-46A2-89C1-1E249EE072E7}.Debug|Any CPU.ActiveCfg = Debug|Any CPU
		{B38D5CF2-69DC-46A2-89C1-1E249EE072E7}.Debug|Any CPU.Build.0 = Debug|Any CPU
		{B38D5CF2-69DC-46A2-89C1-1E249EE072E7}.Release|Any CPU.ActiveCfg = Release|Any CPU
		{B38D5CF2-69DC-46A2-89C1-1E249EE072E7}.Release|Any CPU.Build.0 = Release|Any CPU
		{BD87F746-74AD-4496-A0FD-57799052750F}.Debug|Any CPU.ActiveCfg = Debug|Any CPU
		{BD87F746-74AD-4496-A0FD-57799052750F}.Debug|Any CPU.Build.0 = Debug|Any CPU
		{BD87F746-74AD-4496-A0FD-57799052750F}.Release|Any CPU.ActiveCfg = Release|Any CPU
		{BD87F746-74AD-4496-A0FD-57799052750F}.Release|Any CPU.Build.0 = Release|Any CPU
		{9A9A70A9-2B9B-4D20-8EA1-DC04430F379D}.Debug|Any CPU.ActiveCfg = Debug|Any CPU
		{9A9A70A9-2B9B-4D20-8EA1-DC04430F379D}.Debug|Any CPU.Build.0 = Debug|Any CPU
		{9A9A70A9-2B9B-4D20-8EA1-DC04430F379D}.Release|Any CPU.ActiveCfg = Release|Any CPU
		{9A9A70A9-2B9B-4D20-8EA1-DC04430F379D}.Release|Any CPU.Build.0 = Release|Any CPU
		{97CC6D1C-724E-4EDB-B7E0-DCC8A3A07036}.Debug|Any CPU.ActiveCfg = Debug|Any CPU
		{97CC6D1C-724E-4EDB-B7E0-DCC8A3A07036}.Debug|Any CPU.Build.0 = Debug|Any CPU
		{97CC6D1C-724E-4EDB-B7E0-DCC8A3A07036}.Release|Any CPU.ActiveCfg = Release|Any CPU
		{97CC6D1C-724E-4EDB-B7E0-DCC8A3A07036}.Release|Any CPU.Build.0 = Release|Any CPU
		{11E03CDB-FB0B-4410-BB24-62CBA207A145}.Debug|Any CPU.ActiveCfg = Debug|Any CPU
		{11E03CDB-FB0B-4410-BB24-62CBA207A145}.Debug|Any CPU.Build.0 = Debug|Any CPU
		{11E03CDB-FB0B-4410-BB24-62CBA207A145}.Release|Any CPU.ActiveCfg = Release|Any CPU
		{11E03CDB-FB0B-4410-BB24-62CBA207A145}.Release|Any CPU.Build.0 = Release|Any CPU
		{220D4DC5-AD76-4786-A48A-099370A1BB0D}.Debug|Any CPU.ActiveCfg = Debug|Any CPU
		{220D4DC5-AD76-4786-A48A-099370A1BB0D}.Debug|Any CPU.Build.0 = Debug|Any CPU
		{220D4DC5-AD76-4786-A48A-099370A1BB0D}.Release|Any CPU.ActiveCfg = Release|Any CPU
		{220D4DC5-AD76-4786-A48A-099370A1BB0D}.Release|Any CPU.Build.0 = Release|Any CPU
		{47CCB299-8C21-4178-8E44-91E07037F2B9}.Debug|Any CPU.ActiveCfg = Debug|Any CPU
		{47CCB299-8C21-4178-8E44-91E07037F2B9}.Debug|Any CPU.Build.0 = Debug|Any CPU
		{47CCB299-8C21-4178-8E44-91E07037F2B9}.Release|Any CPU.ActiveCfg = Release|Any CPU
		{47CCB299-8C21-4178-8E44-91E07037F2B9}.Release|Any CPU.Build.0 = Release|Any CPU
		{CD5AE791-5FA3-46D7-A1DC-1630D65368C5}.Debug|Any CPU.ActiveCfg = Debug|Any CPU
		{CD5AE791-5FA3-46D7-A1DC-1630D65368C5}.Debug|Any CPU.Build.0 = Debug|Any CPU
		{CD5AE791-5FA3-46D7-A1DC-1630D65368C5}.Release|Any CPU.ActiveCfg = Release|Any CPU
		{CD5AE791-5FA3-46D7-A1DC-1630D65368C5}.Release|Any CPU.Build.0 = Release|Any CPU
		{FA833311-F0A2-495D-B4BC-14DFC518958C}.Debug|Any CPU.ActiveCfg = Debug|Any CPU
		{FA833311-F0A2-495D-B4BC-14DFC518958C}.Debug|Any CPU.Build.0 = Debug|Any CPU
		{FA833311-F0A2-495D-B4BC-14DFC518958C}.Release|Any CPU.ActiveCfg = Release|Any CPU
		{FA833311-F0A2-495D-B4BC-14DFC518958C}.Release|Any CPU.Build.0 = Release|Any CPU
		{21FD1C3F-96EA-468C-8503-57F77527FFAF}.Debug|Any CPU.ActiveCfg = Debug|Any CPU
		{21FD1C3F-96EA-468C-8503-57F77527FFAF}.Debug|Any CPU.Build.0 = Debug|Any CPU
		{21FD1C3F-96EA-468C-8503-57F77527FFAF}.Release|Any CPU.ActiveCfg = Release|Any CPU
		{21FD1C3F-96EA-468C-8503-57F77527FFAF}.Release|Any CPU.Build.0 = Release|Any CPU
		{326D5E2D-0FBF-42B2-A048-F91A769CE05C}.Debug|Any CPU.ActiveCfg = Debug|Any CPU
		{326D5E2D-0FBF-42B2-A048-F91A769CE05C}.Debug|Any CPU.Build.0 = Debug|Any CPU
		{326D5E2D-0FBF-42B2-A048-F91A769CE05C}.Release|Any CPU.ActiveCfg = Release|Any CPU
		{326D5E2D-0FBF-42B2-A048-F91A769CE05C}.Release|Any CPU.Build.0 = Release|Any CPU
	EndGlobalSection
	GlobalSection(NestedProjects) = preSolution
		{CD5AE791-5FA3-46D7-A1DC-1630D65368C5} = {9CB5888C-D6F3-48AC-BD9C-A346FE280EDD}
		{47CCB299-8C21-4178-8E44-91E07037F2B9} = {9CB5888C-D6F3-48AC-BD9C-A346FE280EDD}
		{FA833311-F0A2-495D-B4BC-14DFC518958C} = {9CB5888C-D6F3-48AC-BD9C-A346FE280EDD}
	EndGlobalSection
EndGlobal
